
Microsoft Visual Studio Solution File, Format Version 12.00
# Visual Studio 15
VisualStudioVersion = 15.0.28307.1062
MinimumVisualStudioVersion = 10.0.40219.1
Project("{FAE04EC0-301F-11D3-BF4B-00C04F79EFBC}") = "DAN_XLII_Kristina_Garcia_Francisco", "DAN_XLII_Kristina_Garcia_Francisco\DAN_XLII_Kristina_Garcia_Francisco.csproj", "{1190FC24-91F2-42B8-B7C1-252422E5BDBA}"
EndProject
Global
	GlobalSection(SolutionConfigurationPlatforms) = preSolution
		Debug|Any CPU = Debug|Any CPU
		Release|Any CPU = Release|Any CPU
	EndGlobalSection
	GlobalSection(ProjectConfigurationPlatforms) = postSolution
		{1190FC24-91F2-42B8-B7C1-252422E5BDBA}.Debug|Any CPU.ActiveCfg = Debug|Any CPU
		{1190FC24-91F2-42B8-B7C1-252422E5BDBA}.Debug|Any CPU.Build.0 = Debug|Any CPU
		{1190FC24-91F2-42B8-B7C1-252422E5BDBA}.Release|Any CPU.ActiveCfg = Release|Any CPU
		{1190FC24-91F2-42B8-B7C1-252422E5BDBA}.Release|Any CPU.Build.0 = Release|Any CPU
	EndGlobalSection
	GlobalSection(SolutionProperties) = preSolution
		HideSolutionNode = FALSE
	EndGlobalSection
	GlobalSection(ExtensibilityGlobals) = postSolution
		SolutionGuid = {E3352D9B-453F-497D-BFE9-C543745F4079}
	EndGlobalSection
EndGlobal
